
Microsoft Visual Studio Solution File, Format Version 12.00
# Visual Studio Version 17
VisualStudioVersion = 17.10.35004.147
MinimumVisualStudioVersion = 10.0.40219.1
Project("{FAE04EC0-301F-11D3-BF4B-00C04F79EFBC}") = "First vape", "First vape\First vape.csproj", "{D0EEB89D-8F16-4D5C-982B-7B6454333819}"
EndProject
Global
	GlobalSection(SolutionConfigurationPlatforms) = preSolution
		Debug|Any CPU = Debug|Any CPU
		Release|Any CPU = Release|Any CPU
	EndGlobalSection
	GlobalSection(ProjectConfigurationPlatforms) = postSolution
		{D0EEB89D-8F16-4D5C-982B-7B6454333819}.Debug|Any CPU.ActiveCfg = Debug|Any CPU
		{D0EEB89D-8F16-4D5C-982B-7B6454333819}.Debug|Any CPU.Build.0 = Debug|Any CPU
		{D0EEB89D-8F16-4D5C-982B-7B6454333819}.Release|Any CPU.ActiveCfg = Release|Any CPU
		{D0EEB89D-8F16-4D5C-982B-7B6454333819}.Release|Any CPU.Build.0 = Release|Any CPU
	EndGlobalSection
	GlobalSection(SolutionProperties) = preSolution
		HideSolutionNode = FALSE
	EndGlobalSection
	GlobalSection(ExtensibilityGlobals) = postSolution
		SolutionGuid = {B24D43E6-0126-4649-A58A-4E4FD15C4458}
	EndGlobalSection
EndGlobal
