
Microsoft Visual Studio Solution File, Format Version 12.00
# Visual Studio Version 17
VisualStudioVersion = 17.10.35004.147
MinimumVisualStudioVersion = 10.0.40219.1
Project("{FAE04EC0-301F-11D3-BF4B-00C04F79EFBC}") = "GG", "GG\GG.csproj", "{F4B291BC-6327-43F5-8CF2-B0B22E1325F5}"
EndProject
Global
	GlobalSection(SolutionConfigurationPlatforms) = preSolution
		Debug|Any CPU = Debug|Any CPU
		Release|Any CPU = Release|Any CPU
	EndGlobalSection
	GlobalSection(ProjectConfigurationPlatforms) = postSolution
		{F4B291BC-6327-43F5-8CF2-B0B22E1325F5}.Debug|Any CPU.ActiveCfg = Debug|Any CPU
		{F4B291BC-6327-43F5-8CF2-B0B22E1325F5}.Debug|Any CPU.Build.0 = Debug|Any CPU
		{F4B291BC-6327-43F5-8CF2-B0B22E1325F5}.Release|Any CPU.ActiveCfg = Release|Any CPU
		{F4B291BC-6327-43F5-8CF2-B0B22E1325F5}.Release|Any CPU.Build.0 = Release|Any CPU
	EndGlobalSection
	GlobalSection(SolutionProperties) = preSolution
		HideSolutionNode = FALSE
	EndGlobalSection
	GlobalSection(ExtensibilityGlobals) = postSolution
		SolutionGuid = {7A0F1FEC-085B-4886-80D6-D99EB6F74244}
	EndGlobalSection
EndGlobal
